
Microsoft Visual Studio Solution File, Format Version 12.00
# Visual Studio Version 17
VisualStudioVersion = 17.0.31903.59
MinimumVisualStudioVersion = 10.0.40219.1
Project("{FAE04EC0-301F-11D3-BF4B-00C04F79EFBC}") = "RightSize", "RightSize\RightSize.csproj", "{58999596-54BC-415F-BCB7-1E549A34C922}"
EndProject
Project("{FAE04EC0-301F-11D3-BF4B-00C04F79EFBC}") = "ChangeString", "ChangeString\ChangeString.csproj", "{C8258E54-27DA-43A2-8EE4-06DD1BBE143B}"
EndProject
Project("{FAE04EC0-301F-11D3-BF4B-00C04F79EFBC}") = "ArrayMul", "ArrayMul\ArrayMul.csproj", "{C054BD5D-1F88-499D-A522-BC3D84545E07}"
EndProject
Project("{FAE04EC0-301F-11D3-BF4B-00C04F79EFBC}") = "HeroPerk", "HeroPerk\HeroPerk.csproj", "{5B6B6F4C-DBBE-4D3F-9B0E-1CADE2461312}"
EndProject
Project("{FAE04EC0-301F-11D3-BF4B-00C04F79EFBC}") = "Pow2Until", "Pow2Until\Pow2Until.csproj", "{7BF01D69-B314-433B-9493-0F70589893DE}"
EndProject
Project("{FAE04EC0-301F-11D3-BF4B-00C04F79EFBC}") = "FamousQuotes", "FamousQuotes\FamousQuotes.csproj", "{EDFEFEEE-DD92-4FF7-985B-0CDBC0AA5F63}"
EndProject
Project("{FAE04EC0-301F-11D3-BF4B-00C04F79EFBC}") = "RoPaSci", "RoPaSci\RoPaSci.csproj", "{38C26B32-7989-46D3-8E05-A8AA83D0EB03}"
EndProject
Project("{FAE04EC0-301F-11D3-BF4B-00C04F79EFBC}") = "WeaponSelector", "WeaponSelector\WeaponSelector.csproj", "{E258EAEA-D061-4422-8745-DE8B777B1AEE}"
EndProject
Global
	GlobalSection(SolutionConfigurationPlatforms) = preSolution
		Debug|Any CPU = Debug|Any CPU
		Release|Any CPU = Release|Any CPU
	EndGlobalSection
	GlobalSection(SolutionProperties) = preSolution
		HideSolutionNode = FALSE
	EndGlobalSection
	GlobalSection(ProjectConfigurationPlatforms) = postSolution
		{58999596-54BC-415F-BCB7-1E549A34C922}.Debug|Any CPU.ActiveCfg = Debug|Any CPU
		{58999596-54BC-415F-BCB7-1E549A34C922}.Debug|Any CPU.Build.0 = Debug|Any CPU
		{58999596-54BC-415F-BCB7-1E549A34C922}.Release|Any CPU.ActiveCfg = Release|Any CPU
		{58999596-54BC-415F-BCB7-1E549A34C922}.Release|Any CPU.Build.0 = Release|Any CPU
		{C8258E54-27DA-43A2-8EE4-06DD1BBE143B}.Debug|Any CPU.ActiveCfg = Debug|Any CPU
		{C8258E54-27DA-43A2-8EE4-06DD1BBE143B}.Debug|Any CPU.Build.0 = Debug|Any CPU
		{C8258E54-27DA-43A2-8EE4-06DD1BBE143B}.Release|Any CPU.ActiveCfg = Release|Any CPU
		{C8258E54-27DA-43A2-8EE4-06DD1BBE143B}.Release|Any CPU.Build.0 = Release|Any CPU
		{C054BD5D-1F88-499D-A522-BC3D84545E07}.Debug|Any CPU.ActiveCfg = Debug|Any CPU
		{C054BD5D-1F88-499D-A522-BC3D84545E07}.Debug|Any CPU.Build.0 = Debug|Any CPU
		{C054BD5D-1F88-499D-A522-BC3D84545E07}.Release|Any CPU.ActiveCfg = Release|Any CPU
		{C054BD5D-1F88-499D-A522-BC3D84545E07}.Release|Any CPU.Build.0 = Release|Any CPU
		{5B6B6F4C-DBBE-4D3F-9B0E-1CADE2461312}.Debug|Any CPU.ActiveCfg = Debug|Any CPU
		{5B6B6F4C-DBBE-4D3F-9B0E-1CADE2461312}.Debug|Any CPU.Build.0 = Debug|Any CPU
		{5B6B6F4C-DBBE-4D3F-9B0E-1CADE2461312}.Release|Any CPU.ActiveCfg = Release|Any CPU
		{5B6B6F4C-DBBE-4D3F-9B0E-1CADE2461312}.Release|Any CPU.Build.0 = Release|Any CPU
		{7BF01D69-B314-433B-9493-0F70589893DE}.Debug|Any CPU.ActiveCfg = Debug|Any CPU
		{7BF01D69-B314-433B-9493-0F70589893DE}.Debug|Any CPU.Build.0 = Debug|Any CPU
		{7BF01D69-B314-433B-9493-0F70589893DE}.Release|Any CPU.ActiveCfg = Release|Any CPU
		{7BF01D69-B314-433B-9493-0F70589893DE}.Release|Any CPU.Build.0 = Release|Any CPU
		{EDFEFEEE-DD92-4FF7-985B-0CDBC0AA5F63}.Debug|Any CPU.ActiveCfg = Debug|Any CPU
		{EDFEFEEE-DD92-4FF7-985B-0CDBC0AA5F63}.Debug|Any CPU.Build.0 = Debug|Any CPU
		{EDFEFEEE-DD92-4FF7-985B-0CDBC0AA5F63}.Release|Any CPU.ActiveCfg = Release|Any CPU
		{EDFEFEEE-DD92-4FF7-985B-0CDBC0AA5F63}.Release|Any CPU.Build.0 = Release|Any CPU
		{38C26B32-7989-46D3-8E05-A8AA83D0EB03}.Debug|Any CPU.ActiveCfg = Debug|Any CPU
		{38C26B32-7989-46D3-8E05-A8AA83D0EB03}.Debug|Any CPU.Build.0 = Debug|Any CPU
		{38C26B32-7989-46D3-8E05-A8AA83D0EB03}.Release|Any CPU.ActiveCfg = Release|Any CPU
		{38C26B32-7989-46D3-8E05-A8AA83D0EB03}.Release|Any CPU.Build.0 = Release|Any CPU
		{E258EAEA-D061-4422-8745-DE8B777B1AEE}.Debug|Any CPU.ActiveCfg = Debug|Any CPU
		{E258EAEA-D061-4422-8745-DE8B777B1AEE}.Debug|Any CPU.Build.0 = Debug|Any CPU
		{E258EAEA-D061-4422-8745-DE8B777B1AEE}.Release|Any CPU.ActiveCfg = Release|Any CPU
		{E258EAEA-D061-4422-8745-DE8B777B1AEE}.Release|Any CPU.Build.0 = Release|Any CPU
	EndGlobalSection
EndGlobal
